
Microsoft Visual Studio Solution File, Format Version 12.00
# Visual Studio 2013
VisualStudioVersion = 12.0.31101.0
MinimumVisualStudioVersion = 10.0.40219.1
Project("{FAE04EC0-301F-11D3-BF4B-00C04F79EFBC}") = "Demo_Web_API", "Demo_Web_API\Demo_Web_API.csproj", "{A082143D-5733-4EFD-881E-A0765B2ABD4A}"
EndProject
Global
	GlobalSection(SolutionConfigurationPlatforms) = preSolution
		Debug|Any CPU = Debug|Any CPU
		Release|Any CPU = Release|Any CPU
	EndGlobalSection
	GlobalSection(ProjectConfigurationPlatforms) = postSolution
		{A082143D-5733-4EFD-881E-A0765B2ABD4A}.Debug|Any CPU.ActiveCfg = Debug|Any CPU
		{A082143D-5733-4EFD-881E-A0765B2ABD4A}.Debug|Any CPU.Build.0 = Debug|Any CPU
		{A082143D-5733-4EFD-881E-A0765B2ABD4A}.Release|Any CPU.ActiveCfg = Release|Any CPU
		{A082143D-5733-4EFD-881E-A0765B2ABD4A}.Release|Any CPU.Build.0 = Release|Any CPU
	EndGlobalSection
	GlobalSection(SolutionProperties) = preSolution
		HideSolutionNode = FALSE
	EndGlobalSection
EndGlobal
